
Microsoft Visual Studio Solution File, Format Version 12.00
# Visual Studio Version 17
VisualStudioVersion = 17.9.34616.47
MinimumVisualStudioVersion = 10.0.40219.1
Project("{8BC9CEB8-8B4A-11D0-8D11-00A0C91BC942}") = "ConsoleApplication4", "ConsoleApplication4\ConsoleApplication4.vcxproj", "{449B77A3-3D3E-4D20-9098-9E976CB8FA9E}"
EndProject
Global
	GlobalSection(SolutionConfigurationPlatforms) = preSolution
		Debug|x64 = Debug|x64
		Debug|x86 = Debug|x86
		Release|x64 = Release|x64
		Release|x86 = Release|x86
	EndGlobalSection
	GlobalSection(ProjectConfigurationPlatforms) = postSolution
		{449B77A3-3D3E-4D20-9098-9E976CB8FA9E}.Debug|x64.ActiveCfg = Debug|x64
		{449B77A3-3D3E-4D20-9098-9E976CB8FA9E}.Debug|x64.Build.0 = Debug|x64
		{449B77A3-3D3E-4D20-9098-9E976CB8FA9E}.Debug|x86.ActiveCfg = Debug|Win32
		{449B77A3-3D3E-4D20-9098-9E976CB8FA9E}.Debug|x86.Build.0 = Debug|Win32
		{449B77A3-3D3E-4D20-9098-9E976CB8FA9E}.Release|x64.ActiveCfg = Release|x64
		{449B77A3-3D3E-4D20-9098-9E976CB8FA9E}.Release|x64.Build.0 = Release|x64
		{449B77A3-3D3E-4D20-9098-9E976CB8FA9E}.Release|x86.ActiveCfg = Release|Win32
		{449B77A3-3D3E-4D20-9098-9E976CB8FA9E}.Release|x86.Build.0 = Release|Win32
	EndGlobalSection
	GlobalSection(SolutionProperties) = preSolution
		HideSolutionNode = FALSE
	EndGlobalSection
	GlobalSection(ExtensibilityGlobals) = postSolution
		SolutionGuid = {D9448366-7311-4AED-BF11-D167560FA868}
	EndGlobalSection
EndGlobal
